
Microsoft Visual Studio Solution File, Format Version 12.00
# Visual Studio 15
VisualStudioVersion = 15.0.28307.168
MinimumVisualStudioVersion = 10.0.40219.1
Project("{9A19103F-16F7-4668-BE54-9A1E7A4F7556}") = "Cronos.Infra", "Cronos.Infra\Cronos.Infra.csproj", "{09CB959A-A6EC-46F5-B3C8-C9CA414C8FA1}"
EndProject
Project("{9A19103F-16F7-4668-BE54-9A1E7A4F7556}") = "Cronos.Domain", "Cronos.Domain\Cronos.Domain.csproj", "{1370C6F9-0FAD-45C8-9748-92B75C24FCE9}"
EndProject
Project("{2150E333-8FDC-42A3-9474-1A3956D46DE8}") = "01 - UI", "01 - UI", "{25A524B0-AD3B-4975-A2C7-A4EB635F46C9}"
EndProject
Project("{2150E333-8FDC-42A3-9474-1A3956D46DE8}") = "00 - Commom", "00 - Commom", "{3493F203-5FC9-44E1-9B7E-2D82A13BAB62}"
EndProject
Project("{9A19103F-16F7-4668-BE54-9A1E7A4F7556}") = "prmToolkit.NotificationPattern", "Lib\Lib\prmToolkit.NotificationPattern-master\prmToolkit.NotificationPattern\prmToolkit.NotificationPattern.csproj", "{F70EDAAA-2DA8-4B20-BFF9-6A5EC9325FE7}"
EndProject
Project("{2150E333-8FDC-42A3-9474-1A3956D46DE8}") = "02 - Lib", "02 - Lib", "{553E1129-D9B5-4732-9759-A10CB8E2AD3A}"
EndProject
Project("{9A19103F-16F7-4668-BE54-9A1E7A4F7556}") = "EFCore.MySql", "Lib\EFCore.MySql\EFCore.MySql.csproj", "{AC8B3758-CF11-4564-9726-AB7F50A4D13A}"
EndProject
Project("{9A19103F-16F7-4668-BE54-9A1E7A4F7556}") = "Cronos.Api", "Cronos.Api\Cronos.Api.csproj", "{7F8B5900-E629-4837-B69F-54EDD5A78C3E}"
EndProject
Project("{9A19103F-16F7-4668-BE54-9A1E7A4F7556}") = "Cronos.Mapper", "Cronos.Mapper\Cronos.Mapper.csproj", "{1E4CE0EF-E86A-4DA9-9474-982633BD1C93}"
EndProject
Project("{FAE04EC0-301F-11D3-BF4B-00C04F79EFBC}") = "Cronos.IoC", "Cronos.IoC\Cronos.IoC.csproj", "{669E9551-DB1C-4556-AE02-8C5DA7C4BEB7}"
EndProject
Global
	GlobalSection(SolutionConfigurationPlatforms) = preSolution
		Debug|Any CPU = Debug|Any CPU
		Release|Any CPU = Release|Any CPU
	EndGlobalSection
	GlobalSection(ProjectConfigurationPlatforms) = postSolution
		{09CB959A-A6EC-46F5-B3C8-C9CA414C8FA1}.Debug|Any CPU.ActiveCfg = Debug|Any CPU
		{09CB959A-A6EC-46F5-B3C8-C9CA414C8FA1}.Debug|Any CPU.Build.0 = Debug|Any CPU
		{09CB959A-A6EC-46F5-B3C8-C9CA414C8FA1}.Release|Any CPU.ActiveCfg = Release|Any CPU
		{09CB959A-A6EC-46F5-B3C8-C9CA414C8FA1}.Release|Any CPU.Build.0 = Release|Any CPU
		{1370C6F9-0FAD-45C8-9748-92B75C24FCE9}.Debug|Any CPU.ActiveCfg = Debug|Any CPU
		{1370C6F9-0FAD-45C8-9748-92B75C24FCE9}.Debug|Any CPU.Build.0 = Debug|Any CPU
		{1370C6F9-0FAD-45C8-9748-92B75C24FCE9}.Release|Any CPU.ActiveCfg = Release|Any CPU
		{1370C6F9-0FAD-45C8-9748-92B75C24FCE9}.Release|Any CPU.Build.0 = Release|Any CPU
		{F70EDAAA-2DA8-4B20-BFF9-6A5EC9325FE7}.Debug|Any CPU.ActiveCfg = Debug|Any CPU
		{F70EDAAA-2DA8-4B20-BFF9-6A5EC9325FE7}.Debug|Any CPU.Build.0 = Debug|Any CPU
		{F70EDAAA-2DA8-4B20-BFF9-6A5EC9325FE7}.Release|Any CPU.ActiveCfg = Release|Any CPU
		{F70EDAAA-2DA8-4B20-BFF9-6A5EC9325FE7}.Release|Any CPU.Build.0 = Release|Any CPU
		{AC8B3758-CF11-4564-9726-AB7F50A4D13A}.Debug|Any CPU.ActiveCfg = Debug|Any CPU
		{AC8B3758-CF11-4564-9726-AB7F50A4D13A}.Debug|Any CPU.Build.0 = Debug|Any CPU
		{AC8B3758-CF11-4564-9726-AB7F50A4D13A}.Release|Any CPU.ActiveCfg = Release|Any CPU
		{AC8B3758-CF11-4564-9726-AB7F50A4D13A}.Release|Any CPU.Build.0 = Release|Any CPU
		{7F8B5900-E629-4837-B69F-54EDD5A78C3E}.Debug|Any CPU.ActiveCfg = Debug|Any CPU
		{7F8B5900-E629-4837-B69F-54EDD5A78C3E}.Debug|Any CPU.Build.0 = Debug|Any CPU
		{7F8B5900-E629-4837-B69F-54EDD5A78C3E}.Release|Any CPU.ActiveCfg = Release|Any CPU
		{7F8B5900-E629-4837-B69F-54EDD5A78C3E}.Release|Any CPU.Build.0 = Release|Any CPU
		{1E4CE0EF-E86A-4DA9-9474-982633BD1C93}.Debug|Any CPU.ActiveCfg = Debug|Any CPU
		{1E4CE0EF-E86A-4DA9-9474-982633BD1C93}.Debug|Any CPU.Build.0 = Debug|Any CPU
		{1E4CE0EF-E86A-4DA9-9474-982633BD1C93}.Release|Any CPU.ActiveCfg = Release|Any CPU
		{1E4CE0EF-E86A-4DA9-9474-982633BD1C93}.Release|Any CPU.Build.0 = Release|Any CPU
		{669E9551-DB1C-4556-AE02-8C5DA7C4BEB7}.Debug|Any CPU.ActiveCfg = Debug|Any CPU
		{669E9551-DB1C-4556-AE02-8C5DA7C4BEB7}.Debug|Any CPU.Build.0 = Debug|Any CPU
		{669E9551-DB1C-4556-AE02-8C5DA7C4BEB7}.Release|Any CPU.ActiveCfg = Release|Any CPU
		{669E9551-DB1C-4556-AE02-8C5DA7C4BEB7}.Release|Any CPU.Build.0 = Release|Any CPU
	EndGlobalSection
	GlobalSection(SolutionProperties) = preSolution
		HideSolutionNode = FALSE
	EndGlobalSection
	GlobalSection(NestedProjects) = preSolution
		{09CB959A-A6EC-46F5-B3C8-C9CA414C8FA1} = {3493F203-5FC9-44E1-9B7E-2D82A13BAB62}
		{1370C6F9-0FAD-45C8-9748-92B75C24FCE9} = {3493F203-5FC9-44E1-9B7E-2D82A13BAB62}
		{F70EDAAA-2DA8-4B20-BFF9-6A5EC9325FE7} = {553E1129-D9B5-4732-9759-A10CB8E2AD3A}
		{AC8B3758-CF11-4564-9726-AB7F50A4D13A} = {553E1129-D9B5-4732-9759-A10CB8E2AD3A}
		{7F8B5900-E629-4837-B69F-54EDD5A78C3E} = {25A524B0-AD3B-4975-A2C7-A4EB635F46C9}
		{1E4CE0EF-E86A-4DA9-9474-982633BD1C93} = {3493F203-5FC9-44E1-9B7E-2D82A13BAB62}
		{669E9551-DB1C-4556-AE02-8C5DA7C4BEB7} = {3493F203-5FC9-44E1-9B7E-2D82A13BAB62}
	EndGlobalSection
	GlobalSection(ExtensibilityGlobals) = postSolution
		SolutionGuid = {B65702D4-8816-48C2-9F83-A57EABE17AFE}
	EndGlobalSection
EndGlobal
